
Microsoft Visual Studio Solution File, Format Version 12.00
# Visual Studio Version 17
VisualStudioVersion = 17.3.32804.467
MinimumVisualStudioVersion = 10.0.40219.1
Project("{FAE04EC0-301F-11D3-BF4B-00C04F79EFBC}") = "BlogPost", "BlogPost\BlogPost.csproj", "{9DA3825A-90B0-4795-9ECF-57729678D92B}"
EndProject
Global
	GlobalSection(SolutionConfigurationPlatforms) = preSolution
		Debug|Any CPU = Debug|Any CPU
		Release|Any CPU = Release|Any CPU
	EndGlobalSection
	GlobalSection(ProjectConfigurationPlatforms) = postSolution
		{9DA3825A-90B0-4795-9ECF-57729678D92B}.Debug|Any CPU.ActiveCfg = Debug|Any CPU
		{9DA3825A-90B0-4795-9ECF-57729678D92B}.Debug|Any CPU.Build.0 = Debug|Any CPU
		{9DA3825A-90B0-4795-9ECF-57729678D92B}.Release|Any CPU.ActiveCfg = Release|Any CPU
		{9DA3825A-90B0-4795-9ECF-57729678D92B}.Release|Any CPU.Build.0 = Release|Any CPU
	EndGlobalSection
	GlobalSection(SolutionProperties) = preSolution
		HideSolutionNode = FALSE
	EndGlobalSection
	GlobalSection(ExtensibilityGlobals) = postSolution
		SolutionGuid = {0EA2ABC2-A3C5-4458-B27F-E683EAE330CE}
	EndGlobalSection
EndGlobal
